
Microsoft Visual Studio Solution File, Format Version 12.00
# Visual Studio Version 17
VisualStudioVersion = 17.6.33801.468
MinimumVisualStudioVersion = 10.0.40219.1
Project("{FAE04EC0-301F-11D3-BF4B-00C04F79EFBC}") = "SideBySideWeb", "SideBySideWeb\SideBySideWeb.csproj", "{E8492FC7-4563-416D-83C7-01792C3C099E}"
EndProject
Global
	GlobalSection(SolutionConfigurationPlatforms) = preSolution
		Debug|Any CPU = Debug|Any CPU
		Release|Any CPU = Release|Any CPU
	EndGlobalSection
	GlobalSection(ProjectConfigurationPlatforms) = postSolution
		{E8492FC7-4563-416D-83C7-01792C3C099E}.Debug|Any CPU.ActiveCfg = Debug|Any CPU
		{E8492FC7-4563-416D-83C7-01792C3C099E}.Debug|Any CPU.Build.0 = Debug|Any CPU
		{E8492FC7-4563-416D-83C7-01792C3C099E}.Release|Any CPU.ActiveCfg = Release|Any CPU
		{E8492FC7-4563-416D-83C7-01792C3C099E}.Release|Any CPU.Build.0 = Release|Any CPU
	EndGlobalSection
	GlobalSection(SolutionProperties) = preSolution
		HideSolutionNode = FALSE
	EndGlobalSection
	GlobalSection(ExtensibilityGlobals) = postSolution
		SolutionGuid = {AF427705-7685-4F47-83A2-E3E025FC0DFC}
	EndGlobalSection
EndGlobal
